{
  "name": "smile-lang",
  "version": "1.0.0",
  "lockfileVersion": 1,
  "requires": true,
  "dependencies": {
    "lodash": {
      "version": "4.17.20",
      "resolved": "https://registry.npmjs.org/lodash/-/lodash-4.17.20.tgz",
      "integrity": "sha512-PlhdFcillOINfeV7Ni6oF1TAEayyZBoZ8bcshTHqOYJYlrqzRK5hagpagky5o4HfCzzd1TRkXPMFq6cKk9rGmA=="
    },
    "smilelang": {
      "version": "1.0.3",
      "resolved": "https://registry.npmjs.org/smilelang/-/smilelang-1.0.3.tgz",
      "integrity": "sha512-tKrmr/WXsqJRSXDPWwXfxG+D2K7DVRMDQEkMMIrsVUNlmjq8ERkyu/p5vQDunCylD0I2pL0pRRtSkEemZZ1Mtg==",
      "requires": {
        "lodash": "4.17.20"
      }
    }
  }
}
